{
  "requires": true,
  "lockfileVersion": 1,
  "dependencies": {
    "luckydraw": {
      "version": "1.0.0",
      "resolved": "https://registry.npmjs.org/luckydraw/-/luckydraw-1.0.0.tgz",
      "integrity": "sha512-4Cxv65GpCWkDLc33/W70XEI/UfHxFH2g8LCrGAXqLQKmfx0PT90LBWLRK/hsHkIa5iHBJ9oC6DIvt2tsx7L6IA=="
    }
  }
}
